{
    "name": "@better-auth/root",
    "version": "0.0.2-beta.8",
    "lockfileVersion": 3,
    "requires": true,
    "packages": {
        "": {
            "name": "@better-auth/root",
            "version": "0.0.2-beta.8",
            "dependencies": {
                "@biomejs/biome": "1.7.3",
                "@types/node": "^20.12.12",
                "bumpp": "^9.4.1",
                "cross-env": "^7.0.3",
                "dotenv-cli": "^7.4.2",
                "simple-git-hooks": "^2.11.1",
                "tinyglobby": "^0.2.9",
                "turbo": "^2.0.4",
                "typescript": "5.6.1-rc"
            },
            "devDependencies": {
                "@types/uuid": "^10.0.0"
            }
        },
        "node_modules/@babel/helper-string-parser": {
            "version": "7.25.9",
            "license": "MIT",
            "optional": true,
            "peer": true,
            "engines": {
                "node": ">=6.9.0"
            }
        },
        "node_modules/@babel/helper-validator-identifier": {
            "version": "7.25.9",
            "license": "MIT",
            "optional": true,
            "peer": true,
            "engines": {
                "node": ">=6.9.0"
            }
        },
        "node_modules/@babel/parser": {
            "version": "7.26.2",
            "license": "MIT",
            "optional": true,
            "peer": true,
            "dependencies": {
                "@babel/types": "^7.26.0"
            },
            "bin": {
                "parser": "bin/babel-parser.js"
            },
            "engines": {
                "node": ">=6.0.0"
            }
        },
        "node_modules/@babel/types": {
            "version": "7.26.0",
            "license": "MIT",
            "optional": true,
            "peer": true,
            "dependencies": {
                "@babel/helper-string-parser": "^7.25.9",
                "@babel/helper-validator-identifier": "^7.25.9"
            },
            "engines": {
                "node": ">=6.9.0"
            }
        },
        "node_modules/@biomejs/biome": {
            "version": "1.7.3",
            "hasInstallScript": true,
            "license": "MIT OR Apache-2.0",
            "bin": {
                "biome": "bin/biome"
            },
            "engines": {
                "node": ">=14.21.3"
            },
            "funding": {
                "type": "opencollective",
                "url": "https://opencollective.com/biome"
            },
            "optionalDependencies": {
                "@biomejs/cli-darwin-arm64": "1.7.3",
                "@biomejs/cli-darwin-x64": "1.7.3",
                "@biomejs/cli-linux-arm64": "1.7.3",
                "@biomejs/cli-linux-arm64-musl": "1.7.3",
                "@biomejs/cli-linux-x64": "1.7.3",
                "@biomejs/cli-linux-x64-musl": "1.7.3",
                "@biomejs/cli-win32-arm64": "1.7.3",
                "@biomejs/cli-win32-x64": "1.7.3"
            }
        },
        "node_modules/@biomejs/cli-linux-x64": {
            "version": "1.7.3",
            "cpu": [
                "x64"
            ],
            "license": "MIT OR Apache-2.0",
            "optional": true,
            "os": [
                "linux"
            ],
            "engines": {
                "node": ">=14.21.3"
            }
        },
        "node_modules/@biomejs/cli-linux-x64-musl": {
            "version": "1.7.3",
            "cpu": [
                "x64"
            ],
            "license": "MIT OR Apache-2.0",
            "optional": true,
            "os": [
                "linux"
            ],
            "engines": {
                "node": ">=14.21.3"
            }
        },
        "node_modules/@jsdevtools/ez-spawn": {
            "version": "3.0.4",
            "license": "MIT",
            "dependencies": {
                "call-me-maybe": "^1.0.1",
                "cross-spawn": "^7.0.3",
                "string-argv": "^0.3.1",
                "type-detect": "^4.0.8"
            },
            "engines": {
                "node": ">=10"
            }
        },
        "node_modules/@types/node": {
            "version": "20.17.5",
            "license": "MIT",
            "dependencies": {
                "undici-types": "~6.19.2"
            }
        },
        "node_modules/@types/uuid": {
            "version": "10.0.0",
            "resolved": "https://registry.npmjs.org/@types/uuid/-/uuid-10.0.0.tgz",
            "integrity": "sha512-7gqG38EyHgyP1S+7+xomFtL+ZNHcKv6DwNaCZmJmo1vgMugyF3TCnXVg4t1uk89mLNwnLtnY3TpOpCOyp1/xHQ==",
            "dev": true
        },
        "node_modules/anymatch": {
            "version": "3.1.3",
            "license": "ISC",
            "dependencies": {
                "normalize-path": "^3.0.0",
                "picomatch": "^2.0.4"
            },
            "engines": {
                "node": ">= 8"
            }
        },
        "node_modules/anymatch/node_modules/picomatch": {
            "version": "2.3.1",
            "resolved": "https://registry.npmjs.org/picomatch/-/picomatch-2.3.1.tgz",
            "integrity": "sha512-JU3teHTNjmE2VCGFzuY8EXzCDVwEqB2a8fsIvwaStHhAWJEeVd1o1QD80CU6+ZdEXXSLbSsuLwJjkCBWqRQUVA==",
            "engines": {
                "node": ">=8.6"
            },
            "funding": {
                "url": "https://github.com/sponsors/jonschlinkert"
            }
        },
        "node_modules/binary-extensions": {
            "version": "2.3.0",
            "license": "MIT",
            "engines": {
                "node": ">=8"
            },
            "funding": {
                "url": "https://github.com/sponsors/sindresorhus"
            }
        },
        "node_modules/braces": {
            "version": "3.0.3",
            "license": "MIT",
            "dependencies": {
                "fill-range": "^7.1.1"
            },
            "engines": {
                "node": ">=8"
            }
        },
        "node_modules/bumpp": {
            "version": "9.8.0",
            "license": "MIT",
            "dependencies": {
                "@jsdevtools/ez-spawn": "^3.0.4",
                "c12": "^1.11.2",
                "cac": "^6.7.14",
                "escalade": "^3.2.0",
                "js-yaml": "^4.1.0",
                "jsonc-parser": "^3.3.1",
                "prompts": "^2.4.2",
                "semver": "^7.6.3",
                "tinyglobby": "^0.2.10"
            },
            "bin": {
                "bumpp": "bin/bumpp.js"
            },
            "engines": {
                "node": ">=10"
            }
        },
        "node_modules/c12": {
            "version": "1.11.2",
            "license": "MIT",
            "dependencies": {
                "chokidar": "^3.6.0",
                "confbox": "^0.1.7",
                "defu": "^6.1.4",
                "dotenv": "^16.4.5",
                "giget": "^1.2.3",
                "jiti": "^1.21.6",
                "mlly": "^1.7.1",
                "ohash": "^1.1.3",
                "pathe": "^1.1.2",
                "perfect-debounce": "^1.0.0",
                "pkg-types": "^1.2.0",
                "rc9": "^2.1.2"
            },
            "peerDependencies": {
                "magicast": "^0.3.4"
            },
            "peerDependenciesMeta": {
                "magicast": {
                    "optional": true
                }
            }
        },
        "node_modules/cac": {
            "version": "6.7.14",
            "license": "MIT",
            "engines": {
                "node": ">=8"
            }
        },
        "node_modules/call-me-maybe": {
            "version": "1.0.2",
            "license": "MIT"
        },
        "node_modules/chokidar": {
            "version": "3.6.0",
            "license": "MIT",
            "dependencies": {
                "anymatch": "~3.1.2",
                "braces": "~3.0.2",
                "glob-parent": "~5.1.2",
                "is-binary-path": "~2.1.0",
                "is-glob": "~4.0.1",
                "normalize-path": "~3.0.0",
                "readdirp": "~3.6.0"
            },
            "engines": {
                "node": ">= 8.10.0"
            },
            "funding": {
                "url": "https://paulmillr.com/funding/"
            },
            "optionalDependencies": {
                "fsevents": "~2.3.2"
            }
        },
        "node_modules/citty": {
            "version": "0.1.6",
            "license": "MIT",
            "dependencies": {
                "consola": "^3.2.3"
            }
        },
        "node_modules/confbox": {
            "version": "0.1.8",
            "license": "MIT"
        },
        "node_modules/consola": {
            "version": "3.2.3",
            "license": "MIT",
            "engines": {
                "node": "^14.18.0 || >=16.10.0"
            }
        },
        "node_modules/cross-env": {
            "version": "7.0.3",
            "license": "MIT",
            "dependencies": {
                "cross-spawn": "^7.0.1"
            },
            "bin": {
                "cross-env": "src/bin/cross-env.js",
                "cross-env-shell": "src/bin/cross-env-shell.js"
            },
            "engines": {
                "node": ">=10.14",
                "npm": ">=6",
                "yarn": ">=1"
            }
        },
        "node_modules/cross-spawn": {
            "version": "7.0.3",
            "license": "MIT",
            "dependencies": {
                "path-key": "^3.1.0",
                "shebang-command": "^2.0.0",
                "which": "^2.0.1"
            },
            "engines": {
                "node": ">= 8"
            }
        },
        "node_modules/cross-spawn/node_modules/shebang-command": {
            "version": "2.0.0",
            "license": "MIT",
            "dependencies": {
                "shebang-regex": "^3.0.0"
            },
            "engines": {
                "node": ">=8"
            }
        },
        "node_modules/cross-spawn/node_modules/which": {
            "version": "2.0.2",
            "license": "ISC",
            "dependencies": {
                "isexe": "^2.0.0"
            },
            "bin": {
                "node-which": "bin/node-which"
            },
            "engines": {
                "node": ">= 8"
            }
        },
        "node_modules/defu": {
            "version": "6.1.4",
            "license": "MIT"
        },
        "node_modules/destr": {
            "version": "2.0.3",
            "license": "MIT"
        },
        "node_modules/dotenv": {
            "version": "16.4.5",
            "license": "BSD-2-Clause",
            "engines": {
                "node": ">=12"
            },
            "funding": {
                "url": "https://dotenvx.com"
            }
        },
        "node_modules/dotenv-cli": {
            "version": "7.4.2",
            "license": "MIT",
            "dependencies": {
                "cross-spawn": "^7.0.3",
                "dotenv": "^16.3.0",
                "dotenv-expand": "^10.0.0",
                "minimist": "^1.2.6"
            },
            "bin": {
                "dotenv": "cli.js"
            }
        },
        "node_modules/dotenv-expand": {
            "version": "10.0.0",
            "license": "BSD-2-Clause",
            "engines": {
                "node": ">=12"
            }
        },
        "node_modules/escalade": {
            "version": "3.2.0",
            "license": "MIT",
            "engines": {
                "node": ">=6"
            }
        },
        "node_modules/fdir": {
            "version": "6.4.2",
            "license": "MIT",
            "peerDependencies": {
                "picomatch": "^3 || ^4"
            },
            "peerDependenciesMeta": {
                "picomatch": {
                    "optional": true
                }
            }
        },
        "node_modules/fill-range": {
            "version": "7.1.1",
            "license": "MIT",
            "dependencies": {
                "to-regex-range": "^5.0.1"
            },
            "engines": {
                "node": ">=8"
            }
        },
        "node_modules/giget": {
            "version": "1.2.3",
            "license": "MIT",
            "dependencies": {
                "citty": "^0.1.6",
                "consola": "^3.2.3",
                "defu": "^6.1.4",
                "node-fetch-native": "^1.6.3",
                "nypm": "^0.3.8",
                "ohash": "^1.1.3",
                "pathe": "^1.1.2",
                "tar": "^6.2.0"
            },
            "bin": {
                "giget": "dist/cli.mjs"
            }
        },
        "node_modules/glob-parent": {
            "version": "5.1.2",
            "license": "ISC",
            "dependencies": {
                "is-glob": "^4.0.1"
            },
            "engines": {
                "node": ">= 6"
            }
        },
        "node_modules/human-signals": {
            "version": "5.0.0",
            "license": "Apache-2.0",
            "engines": {
                "node": ">=16.17.0"
            }
        },
        "node_modules/is-binary-path": {
            "version": "2.1.0",
            "license": "MIT",
            "dependencies": {
                "binary-extensions": "^2.0.0"
            },
            "engines": {
                "node": ">=8"
            }
        },
        "node_modules/is-extglob": {
            "version": "2.1.1",
            "license": "MIT",
            "engines": {
                "node": ">=0.10.0"
            }
        },
        "node_modules/is-glob": {
            "version": "4.0.3",
            "license": "MIT",
            "dependencies": {
                "is-extglob": "^2.1.1"
            },
            "engines": {
                "node": ">=0.10.0"
            }
        },
        "node_modules/is-number": {
            "version": "7.0.0",
            "license": "MIT",
            "engines": {
                "node": ">=0.12.0"
            }
        },
        "node_modules/isexe": {
            "version": "2.0.0",
            "license": "ISC"
        },
        "node_modules/jiti": {
            "version": "1.21.6",
            "license": "MIT",
            "bin": {
                "jiti": "bin/jiti.js"
            }
        },
        "node_modules/js-yaml": {
            "version": "4.1.0",
            "license": "MIT",
            "dependencies": {
                "argparse": "^2.0.1"
            },
            "bin": {
                "js-yaml": "bin/js-yaml.js"
            }
        },
        "node_modules/js-yaml/node_modules/argparse": {
            "version": "2.0.1",
            "license": "Python-2.0"
        },
        "node_modules/jsonc-parser": {
            "version": "3.3.1",
            "license": "MIT"
        },
        "node_modules/magicast": {
            "version": "0.3.5",
            "license": "MIT",
            "optional": true,
            "peer": true,
            "dependencies": {
                "@babel/parser": "^7.25.4",
                "@babel/types": "^7.25.4",
                "source-map-js": "^1.2.0"
            }
        },
        "node_modules/merge-stream": {
            "version": "2.0.0",
            "license": "MIT"
        },
        "node_modules/mimic-fn": {
            "version": "4.0.0",
            "license": "MIT",
            "engines": {
                "node": ">=12"
            },
            "funding": {
                "url": "https://github.com/sponsors/sindresorhus"
            }
        },
        "node_modules/minimist": {
            "version": "1.2.8",
            "license": "MIT",
            "funding": {
                "url": "https://github.com/sponsors/ljharb"
            }
        },
        "node_modules/minizlib": {
            "version": "2.1.2",
            "license": "MIT",
            "dependencies": {
                "minipass": "^3.0.0",
                "yallist": "^4.0.0"
            },
            "engines": {
                "node": ">= 8"
            }
        },
        "node_modules/minizlib/node_modules/minipass": {
            "version": "3.3.6",
            "license": "ISC",
            "dependencies": {
                "yallist": "^4.0.0"
            },
            "engines": {
                "node": ">=8"
            }
        },
        "node_modules/mlly": {
            "version": "1.7.2",
            "license": "MIT",
            "dependencies": {
                "acorn": "^8.12.1",
                "pathe": "^1.1.2",
                "pkg-types": "^1.2.0",
                "ufo": "^1.5.4"
            }
        },
        "node_modules/mlly/node_modules/acorn": {
            "version": "8.12.1",
            "license": "MIT",
            "bin": {
                "acorn": "bin/acorn"
            },
            "engines": {
                "node": ">=0.4.0"
            }
        },
        "node_modules/node-fetch-native": {
            "version": "1.6.4",
            "license": "MIT"
        },
        "node_modules/normalize-path": {
            "version": "3.0.0",
            "license": "MIT",
            "engines": {
                "node": ">=0.10.0"
            }
        },
        "node_modules/npm-run-path": {
            "version": "5.3.0",
            "license": "MIT",
            "dependencies": {
                "path-key": "^4.0.0"
            },
            "engines": {
                "node": "^12.20.0 || ^14.13.1 || >=16.0.0"
            },
            "funding": {
                "url": "https://github.com/sponsors/sindresorhus"
            }
        },
        "node_modules/npm-run-path/node_modules/path-key": {
            "version": "4.0.0",
            "license": "MIT",
            "engines": {
                "node": ">=12"
            },
            "funding": {
                "url": "https://github.com/sponsors/sindresorhus"
            }
        },
        "node_modules/nypm": {
            "version": "0.3.12",
            "license": "MIT",
            "dependencies": {
                "citty": "^0.1.6",
                "consola": "^3.2.3",
                "execa": "^8.0.1",
                "pathe": "^1.1.2",
                "pkg-types": "^1.2.0",
                "ufo": "^1.5.4"
            },
            "bin": {
                "nypm": "dist/cli.mjs"
            },
            "engines": {
                "node": "^14.16.0 || >=16.10.0"
            }
        },
        "node_modules/nypm/node_modules/execa": {
            "version": "8.0.1",
            "license": "MIT",
            "dependencies": {
                "cross-spawn": "^7.0.3",
                "get-stream": "^8.0.1",
                "human-signals": "^5.0.0",
                "is-stream": "^3.0.0",
                "merge-stream": "^2.0.0",
                "npm-run-path": "^5.1.0",
                "onetime": "^6.0.0",
                "signal-exit": "^4.1.0",
                "strip-final-newline": "^3.0.0"
            },
            "engines": {
                "node": ">=16.17"
            },
            "funding": {
                "url": "https://github.com/sindresorhus/execa?sponsor=1"
            }
        },
        "node_modules/nypm/node_modules/get-stream": {
            "version": "8.0.1",
            "license": "MIT",
            "engines": {
                "node": ">=16"
            },
            "funding": {
                "url": "https://github.com/sponsors/sindresorhus"
            }
        },
        "node_modules/nypm/node_modules/is-stream": {
            "version": "3.0.0",
            "license": "MIT",
            "engines": {
                "node": "^12.20.0 || ^14.13.1 || >=16.0.0"
            },
            "funding": {
                "url": "https://github.com/sponsors/sindresorhus"
            }
        },
        "node_modules/nypm/node_modules/signal-exit": {
            "version": "4.1.0",
            "license": "ISC",
            "engines": {
                "node": ">=14"
            },
            "funding": {
                "url": "https://github.com/sponsors/isaacs"
            }
        },
        "node_modules/ohash": {
            "version": "1.1.4",
            "license": "MIT"
        },
        "node_modules/onetime": {
            "version": "6.0.0",
            "license": "MIT",
            "dependencies": {
                "mimic-fn": "^4.0.0"
            },
            "engines": {
                "node": ">=12"
            },
            "funding": {
                "url": "https://github.com/sponsors/sindresorhus"
            }
        },
        "node_modules/path-key": {
            "version": "3.1.1",
            "license": "MIT",
            "engines": {
                "node": ">=8"
            }
        },
        "node_modules/pathe": {
            "version": "1.1.2",
            "license": "MIT"
        },
        "node_modules/perfect-debounce": {
            "version": "1.0.0",
            "license": "MIT"
        },
        "node_modules/picomatch": {
            "version": "4.0.2",
            "resolved": "https://registry.npmjs.org/picomatch/-/picomatch-4.0.2.tgz",
            "integrity": "sha512-M7BAV6Rlcy5u+m6oPhAPFgJTzAioX/6B0DxyvDlo9l8+T3nLKbrczg2WLUyzd45L8RqfUMyGPzekbMvX2Ldkwg==",
            "engines": {
                "node": ">=12"
            },
            "funding": {
                "url": "https://github.com/sponsors/jonschlinkert"
            }
        },
        "node_modules/pkg-types": {
            "version": "1.2.1",
            "license": "MIT",
            "dependencies": {
                "confbox": "^0.1.8",
                "mlly": "^1.7.2",
                "pathe": "^1.1.2"
            }
        },
        "node_modules/prompts": {
            "version": "2.4.2",
            "license": "MIT",
            "dependencies": {
                "kleur": "^3.0.3",
                "sisteransi": "^1.0.5"
            },
            "engines": {
                "node": ">= 6"
            }
        },
        "node_modules/prompts/node_modules/kleur": {
            "version": "3.0.3",
            "license": "MIT",
            "engines": {
                "node": ">=6"
            }
        },
        "node_modules/rc9": {
            "version": "2.1.2",
            "license": "MIT",
            "dependencies": {
                "defu": "^6.1.4",
                "destr": "^2.0.3"
            }
        },
        "node_modules/readdirp": {
            "version": "3.6.0",
            "license": "MIT",
            "dependencies": {
                "picomatch": "^2.2.1"
            },
            "engines": {
                "node": ">=8.10.0"
            }
        },
        "node_modules/readdirp/node_modules/picomatch": {
            "version": "2.3.1",
            "resolved": "https://registry.npmjs.org/picomatch/-/picomatch-2.3.1.tgz",
            "integrity": "sha512-JU3teHTNjmE2VCGFzuY8EXzCDVwEqB2a8fsIvwaStHhAWJEeVd1o1QD80CU6+ZdEXXSLbSsuLwJjkCBWqRQUVA==",
            "engines": {
                "node": ">=8.6"
            },
            "funding": {
                "url": "https://github.com/sponsors/jonschlinkert"
            }
        },
        "node_modules/semver": {
            "version": "7.6.3",
            "license": "ISC",
            "bin": {
                "semver": "bin/semver.js"
            },
            "engines": {
                "node": ">=10"
            }
        },
        "node_modules/shebang-regex": {
            "version": "3.0.0",
            "license": "MIT",
            "engines": {
                "node": ">=8"
            }
        },
        "node_modules/simple-git-hooks": {
            "version": "2.11.1",
            "hasInstallScript": true,
            "license": "MIT",
            "bin": {
                "simple-git-hooks": "cli.js"
            }
        },
        "node_modules/sisteransi": {
            "version": "1.0.5",
            "license": "MIT"
        },
        "node_modules/source-map-js": {
            "version": "1.2.1",
            "license": "BSD-3-Clause",
            "optional": true,
            "peer": true,
            "engines": {
                "node": ">=0.10.0"
            }
        },
        "node_modules/string-argv": {
            "version": "0.3.2",
            "license": "MIT",
            "engines": {
                "node": ">=0.6.19"
            }
        },
        "node_modules/strip-final-newline": {
            "version": "3.0.0",
            "license": "MIT",
            "engines": {
                "node": ">=12"
            },
            "funding": {
                "url": "https://github.com/sponsors/sindresorhus"
            }
        },
        "node_modules/tar": {
            "version": "6.2.1",
            "license": "ISC",
            "dependencies": {
                "chownr": "^2.0.0",
                "fs-minipass": "^2.0.0",
                "minipass": "^5.0.0",
                "minizlib": "^2.1.1",
                "mkdirp": "^1.0.3",
                "yallist": "^4.0.0"
            },
            "engines": {
                "node": ">=10"
            }
        },
        "node_modules/tar/node_modules/chownr": {
            "version": "2.0.0",
            "license": "ISC",
            "engines": {
                "node": ">=10"
            }
        },
        "node_modules/tar/node_modules/fs-minipass": {
            "version": "2.1.0",
            "license": "ISC",
            "dependencies": {
                "minipass": "^3.0.0"
            },
            "engines": {
                "node": ">= 8"
            }
        },
        "node_modules/tar/node_modules/fs-minipass/node_modules/minipass": {
            "version": "3.3.6",
            "license": "ISC",
            "dependencies": {
                "yallist": "^4.0.0"
            },
            "engines": {
                "node": ">=8"
            }
        },
        "node_modules/tar/node_modules/minipass": {
            "version": "5.0.0",
            "license": "ISC",
            "engines": {
                "node": ">=8"
            }
        },
        "node_modules/tar/node_modules/mkdirp": {
            "version": "1.0.4",
            "license": "MIT",
            "bin": {
                "mkdirp": "bin/cmd.js"
            },
            "engines": {
                "node": ">=10"
            }
        },
        "node_modules/tinyglobby": {
            "version": "0.2.10",
            "license": "MIT",
            "dependencies": {
                "fdir": "^6.4.2",
                "picomatch": "^4.0.2"
            },
            "engines": {
                "node": ">=12.0.0"
            }
        },
        "node_modules/to-regex-range": {
            "version": "5.0.1",
            "license": "MIT",
            "dependencies": {
                "is-number": "^7.0.0"
            },
            "engines": {
                "node": ">=8.0"
            }
        },
        "node_modules/turbo": {
            "version": "2.2.3",
            "license": "MIT",
            "bin": {
                "turbo": "bin/turbo"
            },
            "optionalDependencies": {
                "turbo-darwin-64": "2.2.3",
                "turbo-darwin-arm64": "2.2.3",
                "turbo-linux-64": "2.2.3",
                "turbo-linux-arm64": "2.2.3",
                "turbo-windows-64": "2.2.3",
                "turbo-windows-arm64": "2.2.3"
            }
        },
        "node_modules/turbo-linux-64": {
            "version": "2.2.3",
            "cpu": [
                "x64"
            ],
            "license": "MIT",
            "optional": true,
            "os": [
                "linux"
            ]
        },
        "node_modules/type-detect": {
            "version": "4.1.0",
            "license": "MIT",
            "engines": {
                "node": ">=4"
            }
        },
        "node_modules/typescript": {
            "version": "5.6.1-rc",
            "license": "Apache-2.0",
            "bin": {
                "tsc": "bin/tsc",
                "tsserver": "bin/tsserver"
            },
            "engines": {
                "node": ">=14.17"
            }
        },
        "node_modules/ufo": {
            "version": "1.5.4",
            "license": "MIT"
        },
        "node_modules/undici-types": {
            "version": "6.19.8",
            "license": "MIT"
        },
        "node_modules/yallist": {
            "version": "4.0.0",
            "license": "ISC"
        }
    }
}
